
Microsoft Visual Studio Solution File, Format Version 12.00
# Visual Studio Version 17
VisualStudioVersion = 17.5.33502.453
MinimumVisualStudioVersion = 10.0.40219.1
Project("{54A90642-561A-4BB1-A94E-469ADEE60C69}") = "SecondAngularProject", "SecondAngularProject.esproj", "{D1861658-ADFD-43BE-BD2B-FBDED9FCD62C}"
EndProject
Global
	GlobalSection(SolutionConfigurationPlatforms) = preSolution
		Debug|Any CPU = Debug|Any CPU
		Release|Any CPU = Release|Any CPU
	EndGlobalSection
	GlobalSection(ProjectConfigurationPlatforms) = postSolution
		{D1861658-ADFD-43BE-BD2B-FBDED9FCD62C}.Debug|Any CPU.ActiveCfg = Debug|Any CPU
		{D1861658-ADFD-43BE-BD2B-FBDED9FCD62C}.Debug|Any CPU.Build.0 = Debug|Any CPU
		{D1861658-ADFD-43BE-BD2B-FBDED9FCD62C}.Debug|Any CPU.Deploy.0 = Debug|Any CPU
		{D1861658-ADFD-43BE-BD2B-FBDED9FCD62C}.Release|Any CPU.ActiveCfg = Release|Any CPU
		{D1861658-ADFD-43BE-BD2B-FBDED9FCD62C}.Release|Any CPU.Build.0 = Release|Any CPU
		{D1861658-ADFD-43BE-BD2B-FBDED9FCD62C}.Release|Any CPU.Deploy.0 = Release|Any CPU
	EndGlobalSection
	GlobalSection(SolutionProperties) = preSolution
		HideSolutionNode = FALSE
	EndGlobalSection
	GlobalSection(ExtensibilityGlobals) = postSolution
		SolutionGuid = {933CB5E4-C15D-4082-ACD7-F630CD8FA481}
	EndGlobalSection
EndGlobal
